
Microsoft Visual Studio Solution File, Format Version 12.00
# Visual Studio 2012
Project("{FAE04EC0-301F-11D3-BF4B-00C04F79EFBC}") = "Inheritance", "Inheritance\Inheritance.csproj", "{F7C7F4F5-30E1-4C6B-8712-157AE8E1F85F}"
EndProject
Global
	GlobalSection(SolutionConfigurationPlatforms) = preSolution
		Debug|Any CPU = Debug|Any CPU
		Release|Any CPU = Release|Any CPU
	EndGlobalSection
	GlobalSection(ProjectConfigurationPlatforms) = postSolution
		{F7C7F4F5-30E1-4C6B-8712-157AE8E1F85F}.Debug|Any CPU.ActiveCfg = Debug|Any CPU
		{F7C7F4F5-30E1-4C6B-8712-157AE8E1F85F}.Debug|Any CPU.Build.0 = Debug|Any CPU
		{F7C7F4F5-30E1-4C6B-8712-157AE8E1F85F}.Release|Any CPU.ActiveCfg = Release|Any CPU
		{F7C7F4F5-30E1-4C6B-8712-157AE8E1F85F}.Release|Any CPU.Build.0 = Release|Any CPU
	EndGlobalSection
	GlobalSection(SolutionProperties) = preSolution
		HideSolutionNode = FALSE
	EndGlobalSection
EndGlobal
