
Microsoft Visual Studio Solution File, Format Version 12.00
# Visual Studio 2012
Project("{FAE04EC0-301F-11D3-BF4B-00C04F79EFBC}") = "ADO", "ADO\ADO.csproj", "{D528A47E-0BA0-46C8-9546-29529E783F0E}"
EndProject
Global
	GlobalSection(SolutionConfigurationPlatforms) = preSolution
		Debug|Any CPU = Debug|Any CPU
		Release|Any CPU = Release|Any CPU
	EndGlobalSection
	GlobalSection(ProjectConfigurationPlatforms) = postSolution
		{D528A47E-0BA0-46C8-9546-29529E783F0E}.Debug|Any CPU.ActiveCfg = Debug|Any CPU
		{D528A47E-0BA0-46C8-9546-29529E783F0E}.Debug|Any CPU.Build.0 = Debug|Any CPU
		{D528A47E-0BA0-46C8-9546-29529E783F0E}.Release|Any CPU.ActiveCfg = Release|Any CPU
		{D528A47E-0BA0-46C8-9546-29529E783F0E}.Release|Any CPU.Build.0 = Release|Any CPU
	EndGlobalSection
	GlobalSection(SolutionProperties) = preSolution
		HideSolutionNode = FALSE
	EndGlobalSection
EndGlobal
